github.com/creack/goselect v0.0.0-20180501195510-58854f77ee8d h1:6o8WW5zZ+Ny9sbk69epnAPmBzrBaRnvci+l4+pqleeY=
github.com/creack/goselect v0.0.0-20180501195510-58854f77ee8d/go.mod h1:gHrIcH/9UZDn2qgeTUeW5K9eZsVYCH6/60J/FHysWyE=
github.com/facchinm/go-serial v0.0.0-20190206110233-459a153afba0 h1:TmQMjEpI656fxIDUgWVNnAvFJ6eaHx2uCVOlrX07+Yc=
github.com/facchinm/go-serial v0.0.0-20190206110233-459a153afba0/go.mod h1:082o96cvX/yKg1NvcnyT1HriTGUI5jLbCbtAVqbsTyw=
go.bug.st/serial.v1 v0.0.0-20180827123349-5f7892a7bb45 h1:mACY1anK6HNCZtm/DK2Rf2ZPHggVqeB0+7rY9Gl6wyI=
go.bug.st/serial.v1 v0.0.0-20180827123349-5f7892a7bb45/go.mod h1:dRSl/CVCTf56CkXgJMDOdSwNfo2g1orOGE/gBGdvjZw=
golang.org/x/sys v0.1.0 h1:kunALQeHf1/185U1i0GOB/fy1IPRDDpuoOOqRReG57U=
golang.org/x/sys v0.1.0/go.mod h1:oPkhp1MJrh7nUepCBck5+mAzfO9JrbApNNgaTdGDITg=
